
Microsoft Visual Studio Solution File, Format Version 12.00
# Visual Studio 14
VisualStudioVersion = 14.0.25420.1
MinimumVisualStudioVersion = 10.0.40219.1
Project("{FAE04EC0-301F-11D3-BF4B-00C04F79EFBC}") = "Project_Gunnu_Bhavin", "Project_Gunnu_Bhavin\Project_Gunnu_Bhavin.csproj", "{AA5DBB01-09E0-4C35-AC5B-7D593B5377FC}"
EndProject
Global
	GlobalSection(SolutionConfigurationPlatforms) = preSolution
		Debug|Any CPU = Debug|Any CPU
		Release|Any CPU = Release|Any CPU
	EndGlobalSection
	GlobalSection(ProjectConfigurationPlatforms) = postSolution
		{AA5DBB01-09E0-4C35-AC5B-7D593B5377FC}.Debug|Any CPU.ActiveCfg = Debug|Any CPU
		{AA5DBB01-09E0-4C35-AC5B-7D593B5377FC}.Debug|Any CPU.Build.0 = Debug|Any CPU
		{AA5DBB01-09E0-4C35-AC5B-7D593B5377FC}.Release|Any CPU.ActiveCfg = Release|Any CPU
		{AA5DBB01-09E0-4C35-AC5B-7D593B5377FC}.Release|Any CPU.Build.0 = Release|Any CPU
	EndGlobalSection
	GlobalSection(SolutionProperties) = preSolution
		HideSolutionNode = FALSE
	EndGlobalSection
EndGlobal
